
Microsoft Visual Studio Solution File, Format Version 12.00
# Visual Studio Version 16
VisualStudioVersion = 16.0.32228.343
MinimumVisualStudioVersion = 10.0.40219.1
Project("{FAE04EC0-301F-11D3-BF4B-00C04F79EFBC}") = "practice2", "practice2\practice2.csproj", "{45184225-334C-4412-8F43-EFCF8A0B7CAE}"
EndProject
Global
	GlobalSection(SolutionConfigurationPlatforms) = preSolution
		Debug|Any CPU = Debug|Any CPU
		Release|Any CPU = Release|Any CPU
	EndGlobalSection
	GlobalSection(ProjectConfigurationPlatforms) = postSolution
		{45184225-334C-4412-8F43-EFCF8A0B7CAE}.Debug|Any CPU.ActiveCfg = Debug|Any CPU
		{45184225-334C-4412-8F43-EFCF8A0B7CAE}.Debug|Any CPU.Build.0 = Debug|Any CPU
		{45184225-334C-4412-8F43-EFCF8A0B7CAE}.Release|Any CPU.ActiveCfg = Release|Any CPU
		{45184225-334C-4412-8F43-EFCF8A0B7CAE}.Release|Any CPU.Build.0 = Release|Any CPU
	EndGlobalSection
	GlobalSection(SolutionProperties) = preSolution
		HideSolutionNode = FALSE
	EndGlobalSection
	GlobalSection(ExtensibilityGlobals) = postSolution
		SolutionGuid = {CBDB0841-83F6-439D-B6DF-84C146D3CC97}
	EndGlobalSection
EndGlobal
